// !$*UTF8*$!
{
	archiveVersion = 1;
	classes = {
	};
	objectVersion = 55;
	objects = {

/* Begin PBXBuildFile section */
		59BD0E79268024AD0029321C /* AppDelegate.swift in Sources */ = {isa = PBXBuildFile; fileRef = 59BD0E78268024AD0029321C /* AppDelegate.swift */; };
		59BD0E7B268024AD0029321C /* SceneDelegate.swift in Sources */ = {isa = PBXBuildFile; fileRef = 59BD0E7A268024AD0029321C /* SceneDelegate.swift */; };
		59BD0E82268024AF0029321C /* Assets.xcassets in Resources */ = {isa = PBXBuildFile; fileRef = 59BD0E81268024AF0029321C /* Assets.xcassets */; };
		59BD0E85268024AF0029321C /* LaunchScreen.storyboard in Resources */ = {isa = PBXBuildFile; fileRef = 59BD0E83268024AF0029321C /* LaunchScreen.storyboard */; };
		59BD0E8F268025E00029321C /* Main.storyboard in Resources */ = {isa = PBXBuildFile; fileRef = 59BD0E8C268025E00029321C /* Main.storyboard */; };
		59BD0E90268025E00029321C /* ViewController.swift in Sources */ = {isa = PBXBuildFile; fileRef = 59BD0E8D268025E00029321C /* ViewController.swift */; };
		59BD0E91268025E00029321C /* Department.swift in Sources */ = {isa = PBXBuildFile; fileRef = 59BD0E8E268025E00029321C /* Department.swift */; };
		59BD0E95268026330029321C /* CloudKit.framework in Frameworks */ = {isa = PBXBuildFile; fileRef = 59BD0E94268026330029321C /* CloudKit.framework */; };
/* End PBXBuildFile section */

/* Begin PBXFileReference section */
		59BD0E75268024AD0029321C /* AutomatingCloudKitDemo.app */ = {isa = PBXFileReference; explicitFileType = wrapper.application; includeInIndex = 0; path = AutomatingCloudKitDemo.app; sourceTree = BUILT_PRODUCTS_DIR; };
		59BD0E78268024AD0029321C /* AppDelegate.swift */ = {isa = PBXFileReference; lastKnownFileType = sourcecode.swift; path = AppDelegate.swift; sourceTree = "<group>"; };
		59BD0E7A268024AD0029321C /* SceneDelegate.swift */ = {isa = PBXFileReference; lastKnownFileType = sourcecode.swift; path = SceneDelegate.swift; sourceTree = "<group>"; };
		59BD0E81268024AF0029321C /* Assets.xcassets */ = {isa = PBXFileReference; lastKnownFileType = folder.assetcatalog; path = Assets.xcassets; sourceTree = "<group>"; };
		59BD0E84268024AF0029321C /* Base */ = {isa = PBXFileReference; lastKnownFileType = file.storyboard; name = Base; path = Base.lproj/LaunchScreen.storyboard; sourceTree = "<group>"; };
		59BD0E86268024AF0029321C /* Info.plist */ = {isa = PBXFileReference; lastKnownFileType = text.plist.xml; path = Info.plist; sourceTree = "<group>"; };
		59BD0E8C268025E00029321C /* Main.storyboard */ = {isa = PBXFileReference; fileEncoding = 4; lastKnownFileType = file.storyboard; path = Main.storyboard; sourceTree = "<group>"; };
		59BD0E8D268025E00029321C /* ViewController.swift */ = {isa = PBXFileReference; fileEncoding = 4; lastKnownFileType = sourcecode.swift; path = ViewController.swift; sourceTree = "<group>"; };
		59BD0E8E268025E00029321C /* Department.swift */ = {isa = PBXFileReference; fileEncoding = 4; lastKnownFileType = sourcecode.swift; path = Department.swift; sourceTree = "<group>"; };
		59BD0E922680262E0029321C /* AutomatingCloudKitDemo.entitlements */ = {isa = PBXFileReference; lastKnownFileType = text.plist.entitlements; path = AutomatingCloudKitDemo.entitlements; sourceTree = "<group>"; };
		59BD0E94268026330029321C /* CloudKit.framework */ = {isa = PBXFileReference; lastKnownFileType = wrapper.framework; name = CloudKit.framework; path = System/Library/Frameworks/CloudKit.framework; sourceTree = SDKROOT; };
/* End PBXFileReference section */

/* Begin PBXFrameworksBuildPhase section */
		59BD0E72268024AD0029321C /* Frameworks */ = {
			isa = PBXFrameworksBuildPhase;
			buildActionMask = 2147483647;
			files = (
				59BD0E95268026330029321C /* CloudKit.framework in Frameworks */,
			);
			runOnlyForDeploymentPostprocessing = 0;
		};
/* End PBXFrameworksBuildPhase section */

/* Begin PBXGroup section */
		59BD0E6C268024AD0029321C = {
			isa = PBXGroup;
			children = (
				59BD0E77268024AD0029321C /* AutomatingCloudKitDemo */,
				59BD0E76268024AD0029321C /* Products */,
				59BD0E93268026330029321C /* Frameworks */,
			);
			sourceTree = "<group>";
		};
		59BD0E76268024AD0029321C /* Products */ = {
			isa = PBXGroup;
			children = (
				59BD0E75268024AD0029321C /* AutomatingCloudKitDemo.app */,
			);
			name = Products;
			sourceTree = "<group>";
		};
		59BD0E77268024AD0029321C /* AutomatingCloudKitDemo */ = {
			isa = PBXGroup;
			children = (
				59BD0E922680262E0029321C /* AutomatingCloudKitDemo.entitlements */,
				59BD0E78268024AD0029321C /* AppDelegate.swift */,
				59BD0E7A268024AD0029321C /* SceneDelegate.swift */,
				59BD0E8D268025E00029321C /* ViewController.swift */,
				59BD0E8E268025E00029321C /* Department.swift */,
				59BD0E8C268025E00029321C /* Main.storyboard */,
				59BD0E81268024AF0029321C /* Assets.xcassets */,
				59BD0E83268024AF0029321C /* LaunchScreen.storyboard */,
				59BD0E86268024AF0029321C /* Info.plist */,
			);
			path = AutomatingCloudKitDemo;
			sourceTree = "<group>";
		};
		59BD0E93268026330029321C /* Frameworks */ = {
			isa = PBXGroup;
			children = (
				59BD0E94268026330029321C /* CloudKit.framework */,
			);
			name = Frameworks;
			sourceTree = "<group>";
		};
/* End PBXGroup section */

/* Begin PBXNativeTarget section */
		59BD0E74268024AD0029321C /* AutomatingCloudKitDemo */ = {
			isa = PBXNativeTarget;
			buildConfigurationList = 59BD0E89268024AF0029321C /* Build configuration list for PBXNativeTarget "AutomatingCloudKitDemo" */;
			buildPhases = (
				59BD0E71268024AD0029321C /* Sources */,
				59BD0E72268024AD0029321C /* Frameworks */,
				59BD0E73268024AD0029321C /* Resources */,
			);
			buildRules = (
			);
			dependencies = (
			);
			name = AutomatingCloudKitDemo;
			productName = AutomatingCloudKitDemo;
			productReference = 59BD0E75268024AD0029321C /* AutomatingCloudKitDemo.app */;
			productType = "com.apple.product-type.application";
		};
/* End PBXNativeTarget section */

/* Begin PBXProject section */
		59BD0E6D268024AD0029321C /* Project object */ = {
			isa = PBXProject;
			attributes = {
				BuildIndependentTargetsInParallel = 1;
				LastSwiftUpdateCheck = 1300;
				LastUpgradeCheck = 1300;
				TargetAttributes = {
					59BD0E74268024AD0029321C = {
						CreatedOnToolsVersion = 13.0;
					};
				};
			};
			buildConfigurationList = 59BD0E70268024AD0029321C /* Build configuration list for PBXProject "AutomatingCloudKitDemo" */;
			compatibilityVersion = "Xcode 13.0";
			developmentRegion = en;
			hasScannedForEncodings = 0;
			knownRegions = (
				en,
				Base,
			);
			mainGroup = 59BD0E6C268024AD0029321C;
			productRefGroup = 59BD0E76268024AD0029321C /* Products */;
			projectDirPath = "";
			projectRoot = "";
			targets = (
				59BD0E74268024AD0029321C /* AutomatingCloudKitDemo */,
			);
		};
/* End PBXProject section */

/* Begin PBXResourcesBuildPhase section */
		59BD0E73268024AD0029321C /* Resources */ = {
			isa = PBXResourcesBuildPhase;
			buildActionMask = 2147483647;
			files = (
				59BD0E8F268025E00029321C /* Main.storyboard in Resources */,
				59BD0E85268024AF0029321C /* LaunchScreen.storyboard in Resources */,
				59BD0E82268024AF0029321C /* Assets.xcassets in Resources */,
			);
			runOnlyForDeploymentPostprocessing = 0;
		};
/* End PBXResourcesBuildPhase section */

/* Begin PBXSourcesBuildPhase section */
		59BD0E71268024AD0029321C /* Sources */ = {
			isa = PBXSourcesBuildPhase;
			buildActionMask = 2147483647;
			files = (
				59BD0E90268025E00029321C /* ViewController.swift in Sources */,
				59BD0E79268024AD0029321C /* AppDelegate.swift in Sources */,
				59BD0E7B268024AD0029321C /* SceneDelegate.swift in Sources */,
				59BD0E91268025E00029321C /* Department.swift in Sources */,
			);
			runOnlyForDeploymentPostprocessing = 0;
		};
/* End PBXSourcesBuildPhase section */

/* Begin PBXVariantGroup section */
		59BD0E83268024AF0029321C /* LaunchScreen.storyboard */ = {
			isa = PBXVariantGroup;
			children = (
				59BD0E84268024AF0029321C /* Base */,
			);
			name = LaunchScreen.storyboard;
			sourceTree = "<group>";
		};
/* End PBXVariantGroup section */

/* Begin XCBuildConfiguration section */
		59BD0E87268024AF0029321C /* Debug */ = {
			isa = XCBuildConfiguration;
			buildSettings = {
				ALWAYS_SEARCH_USER_PATHS = NO;
				CLANG_ANALYZER_NONNULL = YES;
				CLANG_ANALYZER_NUMBER_OBJECT_CONVERSION = YES_AGGRESSIVE;
				CLANG_CXX_LANGUAGE_STANDARD = "gnu++14";
				CLANG_CXX_LIBRARY = "libc++";
				CLANG_ENABLE_MODULES = YES;
				CLANG_ENABLE_OBJC_ARC = YES;
				CLANG_ENABLE_OBJC_WEAK = YES;
				CLANG_WARN_BLOCK_CAPTURE_AUTORELEASING = YES;
				CLANG_WARN_BOOL_CONVERSION = YES;
				CLANG_WARN_COMMA = YES;
				CLANG_WARN_CONSTANT_CONVERSION = YES;
				CLANG_WARN_DEPRECATED_OBJC_IMPLEMENTATIONS = YES;
				CLANG_WARN_DIRECT_OBJC_ISA_USAGE = YES_ERROR;
				CLANG_WARN_DOCUMENTATION_COMMENTS = YES;
				CLANG_WARN_EMPTY_BODY = YES;
				CLANG_WARN_ENUM_CONVERSION = YES;
				CLANG_WARN_INFINITE_RECURSION = YES;
				CLANG_WARN_INT_CONVERSION = YES;
				CLANG_WARN_NON_LITERAL_NULL_CONVERSION = YES;
				CLANG_WARN_OBJC_IMPLICIT_RETAIN_SELF = YES;
				CLANG_WARN_OBJC_LITERAL_CONVERSION = YES;
				CLANG_WARN_OBJC_ROOT_CLASS = YES_ERROR;
				CLANG_WARN_QUOTED_INCLUDE_IN_FRAMEWORK_HEADER = YES;
				CLANG_WARN_RANGE_LOOP_ANALYSIS = YES;
				CLANG_WARN_STRICT_PROTOTYPES = YES;
				CLANG_WARN_SUSPICIOUS_MOVE = YES;
				CLANG_WARN_UNGUARDED_AVAILABILITY = YES_AGGRESSIVE;
				CLANG_WARN_UNREACHABLE_CODE = YES;
				CLANG_WARN__DUPLICATE_METHOD_MATCH = YES;
				COPY_PHASE_STRIP = NO;
				DEBUG_INFORMATION_FORMAT = dwarf;
				ENABLE_STRICT_OBJC_MSGSEND = YES;
				ENABLE_TESTABILITY = YES;
				GCC_C_LANGUAGE_STANDARD = gnu11;
				GCC_DYNAMIC_NO_PIC = NO;
				GCC_NO_COMMON_BLOCKS = YES;
				GCC_OPTIMIZATION_LEVEL = 0;
				GCC_PREPROCESSOR_DEFINITIONS = (
					"DEBUG=1",
					"$(inherited)",
				);
				GCC_WARN_64_TO_32_BIT_CONVERSION = YES;
				GCC_WARN_ABOUT_RETURN_TYPE = YES_ERROR;
				GCC_WARN_UNDECLARED_SELECTOR = YES;
				GCC_WARN_UNINITIALIZED_AUTOS = YES_AGGRESSIVE;
				GCC_WARN_UNUSED_FUNCTION = YES;
				GCC_WARN_UNUSED_VARIABLE = YES;
				IPHONEOS_DEPLOYMENT_TARGET = 15.0;
				MTL_ENABLE_DEBUG_INFO = INCLUDE_SOURCE;
				MTL_FAST_MATH = YES;
				ONLY_ACTIVE_ARCH = YES;
				SDKROOT = iphoneos;
				SWIFT_ACTIVE_COMPILATION_CONDITIONS = DEBUG;
				SWIFT_OPTIMIZATION_LEVEL = "-Onone";
			};
			name = Debug;
		};
		59BD0E88268024AF0029321C /* Release */ = {
			isa = XCBuildConfiguration;
			buildSettings = {
				ALWAYS_SEARCH_USER_PATHS = NO;
				CLANG_ANALYZER_NONNULL = YES;
				CLANG_ANALYZER_NUMBER_OBJECT_CONVERSION = YES_AGGRESSIVE;
				CLANG_CXX_LANGUAGE_STANDARD = "gnu++14";
				CLANG_CXX_LIBRARY = "libc++";
				CLANG_ENABLE_MODULES = YES;
				CLANG_ENABLE_OBJC_ARC = YES;
				CLANG_ENABLE_OBJC_WEAK = YES;
				CLANG_WARN_BLOCK_CAPTURE_AUTORELEASING = YES;
				CLANG_WARN_BOOL_CONVERSION = YES;
				CLANG_WARN_COMMA = YES;
				CLANG_WARN_CONSTANT_CONVERSION = YES;
				CLANG_WARN_DEPRECATED_OBJC_IMPLEMENTATIONS = YES;
				CLANG_WARN_DIRECT_OBJC_ISA_USAGE = YES_ERROR;
				CLANG_WARN_DOCUMENTATION_COMMENTS = YES;
				CLANG_WARN_EMPTY_BODY = YES;
				CLANG_WARN_ENUM_CONVERSION = YES;
				CLANG_WARN_INFINITE_RECURSION = YES;
				CLANG_WARN_INT_CONVERSION = YES;
				CLANG_WARN_NON_LITERAL_NULL_CONVERSION = YES;
				CLANG_WARN_OBJC_IMPLICIT_RETAIN_SELF = YES;
				CLANG_WARN_OBJC_LITERAL_CONVERSION = YES;
				CLANG_WARN_OBJC_ROOT_CLASS = YES_ERROR;
				CLANG_WARN_QUOTED_INCLUDE_IN_FRAMEWORK_HEADER = YES;
				CLANG_WARN_RANGE_LOOP_ANALYSIS = YES;
				CLANG_WARN_STRICT_PROTOTYPES = YES;
				CLANG_WARN_SUSPICIOUS_MOVE = YES;
				CLANG_WARN_UNGUARDED_AVAILABILITY = YES_AGGRESSIVE;
				CLANG_WARN_UNREACHABLE_CODE = YES;
				CLANG_WARN__DUPLICATE_METHOD_MATCH = YES;
				COPY_PHASE_STRIP = NO;
				DEBUG_INFORMATION_FORMAT = "dwarf-with-dsym";
				ENABLE_NS_ASSERTIONS = NO;
				ENABLE_STRICT_OBJC_MSGSEND = YES;
				GCC_C_LANGUAGE_STANDARD = gnu11;
				GCC_NO_COMMON_BLOCKS = YES;
				GCC_WARN_64_TO_32_BIT_CONVERSION = YES;
				GCC_WARN_ABOUT_RETURN_TYPE = YES_ERROR;
				GCC_WARN_UNDECLARED_SELECTOR = YES;
				GCC_WARN_UNINITIALIZED_AUTOS = YES_AGGRESSIVE;
				GCC_WARN_UNUSED_FUNCTION = YES;
				GCC_WARN_UNUSED_VARIABLE = YES;
				IPHONEOS_DEPLOYMENT_TARGET = 15.0;
				MTL_ENABLE_DEBUG_INFO = NO;
				MTL_FAST_MATH = YES;
				SDKROOT = iphoneos;
				SWIFT_COMPILATION_MODE = wholemodule;
				SWIFT_OPTIMIZATION_LEVEL = "-O";
				VALIDATE_PRODUCT = YES;
			};
			name = Release;
		};
		59BD0E8A268024AF0029321C /* Debug */ = {
			isa = XCBuildConfiguration;
			buildSettings = {
				ASSETCATALOG_COMPILER_APPICON_NAME = AppIcon;
				ASSETCATALOG_COMPILER_GLOBAL_ACCENT_COLOR_NAME = AccentColor;
				CODE_SIGN_ENTITLEMENTS = AutomatingCloudKitDemo/AutomatingCloudKitDemo.entitlements;
				CODE_SIGN_STYLE = Automatic;
				CURRENT_PROJECT_VERSION = 1;
				DEVELOPMENT_TEAM = WW6UD727NP;
				GENERATE_INFOPLIST_FILE = YES;
				INFOPLIST_FILE = AutomatingCloudKitDemo/Info.plist;
				INFOPLIST_KEY_UIApplicationSupportsIndirectInputEvents = YES;
				INFOPLIST_KEY_UILaunchStoryboardName = LaunchScreen;
				INFOPLIST_KEY_UIMainStoryboardFile = Main;
				INFOPLIST_KEY_UISupportedInterfaceOrientations_iPad = "UIInterfaceOrientationPortrait UIInterfaceOrientationPortraitUpsideDown UIInterfaceOrientationLandscapeLeft UIInterfaceOrientationLandscapeRight";
				INFOPLIST_KEY_UISupportedInterfaceOrientations_iPhone = "UIInterfaceOrientationPortrait UIInterfaceOrientationLandscapeLeft UIInterfaceOrientationLandscapeRight";
				LD_RUNPATH_SEARCH_PATHS = (
					"$(inherited)",
					"@executable_path/Frameworks",
				);
				MARKETING_VERSION = 1.0;
				PRODUCT_BUNDLE_IDENTIFIER = com.ljcoder.AutomatingCloudKitDemo;
				PRODUCT_NAME = "$(TARGET_NAME)";
				SWIFT_EMIT_LOC_STRINGS = YES;
				SWIFT_VERSION = 5.0;
				TARGETED_DEVICE_FAMILY = "1,2";
			};
			name = Debug;
		};
		59BD0E8B268024AF0029321C /* Release */ = {
			isa = XCBuildConfiguration;
			buildSettings = {
				ASSETCATALOG_COMPILER_APPICON_NAME = AppIcon;
				ASSETCATALOG_COMPILER_GLOBAL_ACCENT_COLOR_NAME = AccentColor;
				CODE_SIGN_ENTITLEMENTS = AutomatingCloudKitDemo/AutomatingCloudKitDemo.entitlements;
				CODE_SIGN_STYLE = Automatic;
				CURRENT_PROJECT_VERSION = 1;
				DEVELOPMENT_TEAM = WW6UD727NP;
				GENERATE_INFOPLIST_FILE = YES;
				INFOPLIST_FILE = AutomatingCloudKitDemo/Info.plist;
				INFOPLIST_KEY_UIApplicationSupportsIndirectInputEvents = YES;
				INFOPLIST_KEY_UILaunchStoryboardName = LaunchScreen;
				INFOPLIST_KEY_UIMainStoryboardFile = Main;
				INFOPLIST_KEY_UISupportedInterfaceOrientations_iPad = "UIInterfaceOrientationPortrait UIInterfaceOrientationPortraitUpsideDown UIInterfaceOrientationLandscapeLeft UIInterfaceOrientationLandscapeRight";
				INFOPLIST_KEY_UISupportedInterfaceOrientations_iPhone = "UIInterfaceOrientationPortrait UIInterfaceOrientationLandscapeLeft UIInterfaceOrientationLandscapeRight";
				LD_RUNPATH_SEARCH_PATHS = (
					"$(inherited)",
					"@executable_path/Frameworks",
				);
				MARKETING_VERSION = 1.0;
				PRODUCT_BUNDLE_IDENTIFIER = com.ljcoder.AutomatingCloudKitDemo;
				PRODUCT_NAME = "$(TARGET_NAME)";
				SWIFT_EMIT_LOC_STRINGS = YES;
				SWIFT_VERSION = 5.0;
				TARGETED_DEVICE_FAMILY = "1,2";
			};
			name = Release;
		};
/* End XCBuildConfiguration section */

/* Begin XCConfigurationList section */
		59BD0E70268024AD0029321C /* Build configuration list for PBXProject "AutomatingCloudKitDemo" */ = {
			isa = XCConfigurationList;
			buildConfigurations = (
				59BD0E87268024AF0029321C /* Debug */,
				59BD0E88268024AF0029321C /* Release */,
			);
			defaultConfigurationIsVisible = 0;
			defaultConfigurationName = Release;
		};
		59BD0E89268024AF0029321C /* Build configuration list for PBXNativeTarget "AutomatingCloudKitDemo" */ = {
			isa = XCConfigurationList;
			buildConfigurations = (
				59BD0E8A268024AF0029321C /* Debug */,
				59BD0E8B268024AF0029321C /* Release */,
			);
			defaultConfigurationIsVisible = 0;
			defaultConfigurationName = Release;
		};
/* End XCConfigurationList section */
	};
	rootObject = 59BD0E6D268024AD0029321C /* Project object */;
}
